
Microsoft Visual Studio Solution File, Format Version 12.00
# Visual Studio Version 16
VisualStudioVersion = 16.0.31515.178
MinimumVisualStudioVersion = 10.0.40219.1
Project("{FAE04EC0-301F-11D3-BF4B-00C04F79EFBC}") = "Crescente", "Crescente\Crescente.csproj", "{76BC0F64-91B5-4CAB-A89D-962CE5835037}"
EndProject
Global
	GlobalSection(SolutionConfigurationPlatforms) = preSolution
		Debug|Any CPU = Debug|Any CPU
		Release|Any CPU = Release|Any CPU
	EndGlobalSection
	GlobalSection(ProjectConfigurationPlatforms) = postSolution
		{76BC0F64-91B5-4CAB-A89D-962CE5835037}.Debug|Any CPU.ActiveCfg = Debug|Any CPU
		{76BC0F64-91B5-4CAB-A89D-962CE5835037}.Debug|Any CPU.Build.0 = Debug|Any CPU
		{76BC0F64-91B5-4CAB-A89D-962CE5835037}.Release|Any CPU.ActiveCfg = Release|Any CPU
		{76BC0F64-91B5-4CAB-A89D-962CE5835037}.Release|Any CPU.Build.0 = Release|Any CPU
	EndGlobalSection
	GlobalSection(SolutionProperties) = preSolution
		HideSolutionNode = FALSE
	EndGlobalSection
	GlobalSection(ExtensibilityGlobals) = postSolution
		SolutionGuid = {1B450010-F8BD-4846-8AEF-449A3FB1523D}
	EndGlobalSection
EndGlobal
